tawesoft.co.uk/go v0.0.0-20200221004135-6747ef76956b h1:GFrtv5xXFiEKqHdLfpGlq3lG36Op2hX3QT0ISW/TuE4=
tawesoft.co.uk/go/xff v0.0.0-20200221181643-58698f77b77f h1:G/d4QL7BDuB2FQ+BQttWi12LOdZJHnybk3CcxZRc3fw=
tawesoft.co.uk/go/xff v0.0.0-20200221181643-58698f77b77f/go.mod h1:kBbdGv3Ikj4IGFB66TkvcbYIexYKBL+pg62dWODK4Qg=
